github.com/incompletion-ist/go-altered-struct v0.0.4-pre h1:6Ai/SycGtsTCIEf7Ev8J4alRYTZYtLCW7umldeP16gg=
github.com/incompletion-ist/go-altered-struct v0.0.4-pre/go.mod h1:SV21F3QNG2D/ImcCgQZW0bGCzlMgyqU7u8WX89to6MI=
github.com/incompletion-ist/go-deject v0.0.2-pre h1:LZ9Q8H+DdAw4/JRa/5W/vlhcFTtSYdzz3kgpvu5sEVA=
github.com/incompletion-ist/go-deject v0.0.2-pre/go.mod h1:icbwcXZR09F390rO3oCOLYrFKWHLckKDsdlwYMWnPb4=
github.com/incompletion-ist/go-extension v0.0.1-pre h1:lfwMN56H6KpE/TeFU+GM06zaWgKk/bd5Vhddxw9xpgU=
github.com/incompletion-ist/go-extension v0.0.1-pre/go.mod h1:x319xwf+p+V9WRcSw+v2oaHfbys+bCwjP1Ixn8lR+30=
github.com/incompletion-ist/go-logger v0.0.1-pre h1:wSzt1zZ/qQz+9h7o5diUN6ufB9KTf/MUsI6iGudcGqE=
github.com/incompletion-ist/go-logger v0.0.1-pre/go.mod h1:YRHmgGisJvXt5FeOF6Eck3wTXom0MZq8MhjDngXDsXw=
github.com/incompletion-ist/go-wrapped-error v0.0.2-pre h1:gD1Hone+kcFX9cmed9dMZBMgX2ciJ7xerM+wVXypy+w=
github.com/incompletion-ist/go-wrapped-error v0.0.2-pre/go.mod h1:4+QNVrYL+oxVBow+fN5vl1+qTyPdfr7PuM2CTrOIKbs=
